
Microsoft Visual Studio Solution File, Format Version 12.00
# Visual Studio Version 17
VisualStudioVersion = 17.5.33424.131
MinimumVisualStudioVersion = 10.0.40219.1
Project("{FAE04EC0-301F-11D3-BF4B-00C04F79EFBC}") = "BTH1", "BTH1\BTH1.csproj", "{AC441C0A-F46F-4E14-B9CF-3F32D25FB4B7}"
EndProject
Global
	GlobalSection(SolutionConfigurationPlatforms) = preSolution
		Debug|Any CPU = Debug|Any CPU
		Release|Any CPU = Release|Any CPU
	EndGlobalSection
	GlobalSection(ProjectConfigurationPlatforms) = postSolution
		{AC441C0A-F46F-4E14-B9CF-3F32D25FB4B7}.Debug|Any CPU.ActiveCfg = Debug|Any CPU
		{AC441C0A-F46F-4E14-B9CF-3F32D25FB4B7}.Debug|Any CPU.Build.0 = Debug|Any CPU
		{AC441C0A-F46F-4E14-B9CF-3F32D25FB4B7}.Release|Any CPU.ActiveCfg = Release|Any CPU
		{AC441C0A-F46F-4E14-B9CF-3F32D25FB4B7}.Release|Any CPU.Build.0 = Release|Any CPU
	EndGlobalSection
	GlobalSection(SolutionProperties) = preSolution
		HideSolutionNode = FALSE
	EndGlobalSection
	GlobalSection(ExtensibilityGlobals) = postSolution
		SolutionGuid = {BB46A923-3366-47F4-B286-2359B9D3E973}
	EndGlobalSection
EndGlobal
